// !$*UTF8*$!
{
	archiveVersion = 1;
	classes = {
	};
	objectVersion = 46;
	objects = {

/* Begin PBXBuildFile section */
		C8EC43D01E1EC2C800CA8E14 /* AppDelegate.swift in Sources */ = {isa = PBXBuildFile; fileRef = C8EC43CF1E1EC2C800CA8E14 /* AppDelegate.swift */; };
		C8EC43D21E1EC2C800CA8E14 /* ViewController.swift in Sources */ = {isa = PBXBuildFile; fileRef = C8EC43D11E1EC2C800CA8E14 /* ViewController.swift */; };
		C8EC43D51E1EC2C800CA8E14 /* Main.storyboard in Resources */ = {isa = PBXBuildFile; fileRef = C8EC43D31E1EC2C800CA8E14 /* Main.storyboard */; };
		C8EC43D71E1EC2C800CA8E14 /* Assets.xcassets in Resources */ = {isa = PBXBuildFile; fileRef = C8EC43D61E1EC2C800CA8E14 /* Assets.xcassets */; };
		C8EC43DA1E1EC2C800CA8E14 /* LaunchScreen.storyboard in Resources */ = {isa = PBXBuildFile; fileRef = C8EC43D81E1EC2C800CA8E14 /* LaunchScreen.storyboard */; };
		C8EC43E31E1EC50D00CA8E14 /* InitViewController.swift in Sources */ = {isa = PBXBuildFile; fileRef = C8EC43E21E1EC50D00CA8E14 /* InitViewController.swift */; };
		C8EC43E51E1ED33500CA8E14 /* ContactViewController.swift in Sources */ = {isa = PBXBuildFile; fileRef = C8EC43E41E1ED33500CA8E14 /* ContactViewController.swift */; };
/* End PBXBuildFile section */

/* Begin PBXFileReference section */
		C8EC43CC1E1EC2C800CA8E14 /* GetOnBoardSwift.app */ = {isa = PBXFileReference; explicitFileType = wrapper.application; includeInIndex = 0; path = GetOnBoardSwift.app; sourceTree = BUILT_PRODUCTS_DIR; };
		C8EC43CF1E1EC2C800CA8E14 /* AppDelegate.swift */ = {isa = PBXFileReference; lastKnownFileType = sourcecode.swift; path = AppDelegate.swift; sourceTree = "<group>"; };
		C8EC43D11E1EC2C800CA8E14 /* ViewController.swift */ = {isa = PBXFileReference; lastKnownFileType = sourcecode.swift; path = ViewController.swift; sourceTree = "<group>"; };
		C8EC43D41E1EC2C800CA8E14 /* Base */ = {isa = PBXFileReference; lastKnownFileType = file.storyboard; name = Base; path = Base.lproj/Main.storyboard; sourceTree = "<group>"; };
		C8EC43D61E1EC2C800CA8E14 /* Assets.xcassets */ = {isa = PBXFileReference; lastKnownFileType = folder.assetcatalog; path = Assets.xcassets; sourceTree = "<group>"; };
		C8EC43D91E1EC2C800CA8E14 /* Base */ = {isa = PBXFileReference; lastKnownFileType = file.storyboard; name = Base; path = Base.lproj/LaunchScreen.storyboard; sourceTree = "<group>"; };
		C8EC43DB1E1EC2C800CA8E14 /* Info.plist */ = {isa = PBXFileReference; lastKnownFileType = text.plist.xml; path = Info.plist; sourceTree = "<group>"; };
		C8EC43E21E1EC50D00CA8E14 /* InitViewController.swift */ = {isa = PBXFileReference; fileEncoding = 4; lastKnownFileType = sourcecode.swift; name = InitViewController.swift; path = GetOnBoardSwift/Controllers/InitViewController.swift; sourceTree = "<group>"; };
		C8EC43E41E1ED33500CA8E14 /* ContactViewController.swift */ = {isa = PBXFileReference; fileEncoding = 4; lastKnownFileType = sourcecode.swift; name = ContactViewController.swift; path = GetOnBoardSwift/Controllers/ContactViewController.swift; sourceTree = "<group>"; };
/* End PBXFileReference section */

/* Begin PBXFrameworksBuildPhase section */
		C8EC43C91E1EC2C800CA8E14 /* Frameworks */ = {
			isa = PBXFrameworksBuildPhase;
			buildActionMask = 2147483647;
			files = (
			);
			runOnlyForDeploymentPostprocessing = 0;
		};
/* End PBXFrameworksBuildPhase section */

/* Begin PBXGroup section */
		C8EC43C31E1EC2C800CA8E14 = {
			isa = PBXGroup;
			children = (
				C8EC43CE1E1EC2C800CA8E14 /* GetOnBoardSwift */,
				C8EC43CD1E1EC2C800CA8E14 /* Products */,
			);
			sourceTree = "<group>";
		};
		C8EC43CD1E1EC2C800CA8E14 /* Products */ = {
			isa = PBXGroup;
			children = (
				C8EC43CC1E1EC2C800CA8E14 /* GetOnBoardSwift.app */,
			);
			name = Products;
			sourceTree = "<group>";
		};
		C8EC43CE1E1EC2C800CA8E14 /* GetOnBoardSwift */ = {
			isa = PBXGroup;
			children = (
				C8EC43E11E1EC4B200CA8E14 /* Controllers */,
				C8EC43CF1E1EC2C800CA8E14 /* AppDelegate.swift */,
				C8EC43D11E1EC2C800CA8E14 /* ViewController.swift */,
				C8EC43D31E1EC2C800CA8E14 /* Main.storyboard */,
				C8EC43D61E1EC2C800CA8E14 /* Assets.xcassets */,
				C8EC43D81E1EC2C800CA8E14 /* LaunchScreen.storyboard */,
				C8EC43DB1E1EC2C800CA8E14 /* Info.plist */,
			);
			path = GetOnBoardSwift;
			sourceTree = "<group>";
		};
		C8EC43E11E1EC4B200CA8E14 /* Controllers */ = {
			isa = PBXGroup;
			children = (
				C8EC43E21E1EC50D00CA8E14 /* InitViewController.swift */,
				C8EC43E41E1ED33500CA8E14 /* ContactViewController.swift */,
			);
			name = Controllers;
			path = ..;
			sourceTree = "<group>";
		};
/* End PBXGroup section */

/* Begin PBXNativeTarget section */
		C8EC43CB1E1EC2C800CA8E14 /* GetOnBoardSwift */ = {
			isa = PBXNativeTarget;
			buildConfigurationList = C8EC43DE1E1EC2C800CA8E14 /* Build configuration list for PBXNativeTarget "GetOnBoardSwift" */;
			buildPhases = (
				C8EC43C81E1EC2C800CA8E14 /* Sources */,
				C8EC43C91E1EC2C800CA8E14 /* Frameworks */,
				C8EC43CA1E1EC2C800CA8E14 /* Resources */,
			);
			buildRules = (
			);
			dependencies = (
			);
			name = GetOnBoardSwift;
			productName = GetOnBoardSwift;
			productReference = C8EC43CC1E1EC2C800CA8E14 /* GetOnBoardSwift.app */;
			productType = "com.apple.product-type.application";
		};
/* End PBXNativeTarget section */

/* Begin PBXProject section */
		C8EC43C41E1EC2C800CA8E14 /* Project object */ = {
			isa = PBXProject;
			attributes = {
				LastSwiftUpdateCheck = 0820;
				LastUpgradeCheck = 0820;
				ORGANIZATIONNAME = RokkrsStore;
				TargetAttributes = {
					C8EC43CB1E1EC2C800CA8E14 = {
						CreatedOnToolsVersion = 8.2.1;
						DevelopmentTeam = ZZADY79SZG;
						ProvisioningStyle = Automatic;
					};
				};
			};
			buildConfigurationList = C8EC43C71E1EC2C800CA8E14 /* Build configuration list for PBXProject "GetOnBoardSwift" */;
			compatibilityVersion = "Xcode 3.2";
			developmentRegion = English;
			hasScannedForEncodings = 0;
			knownRegions = (
				en,
				Base,
			);
			mainGroup = C8EC43C31E1EC2C800CA8E14;
			productRefGroup = C8EC43CD1E1EC2C800CA8E14 /* Products */;
			projectDirPath = "";
			projectRoot = "";
			targets = (
				C8EC43CB1E1EC2C800CA8E14 /* GetOnBoardSwift */,
			);
		};
/* End PBXProject section */

/* Begin PBXResourcesBuildPhase section */
		C8EC43CA1E1EC2C800CA8E14 /* Resources */ = {
			isa = PBXResourcesBuildPhase;
			buildActionMask = 2147483647;
			files = (
				C8EC43DA1E1EC2C800CA8E14 /* LaunchScreen.storyboard in Resources */,
				C8EC43D71E1EC2C800CA8E14 /* Assets.xcassets in Resources */,
				C8EC43D51E1EC2C800CA8E14 /* Main.storyboard in Resources */,
			);
			runOnlyForDeploymentPostprocessing = 0;
		};
/* End PBXResourcesBuildPhase section */

/* Begin PBXSourcesBuildPhase section */
		C8EC43C81E1EC2C800CA8E14 /* Sources */ = {
			isa = PBXSourcesBuildPhase;
			buildActionMask = 2147483647;
			files = (
				C8EC43D21E1EC2C800CA8E14 /* ViewController.swift in Sources */,
				C8EC43E51E1ED33500CA8E14 /* ContactViewController.swift in Sources */,
				C8EC43D01E1EC2C800CA8E14 /* AppDelegate.swift in Sources */,
				C8EC43E31E1EC50D00CA8E14 /* InitViewController.swift in Sources */,
			);
			runOnlyForDeploymentPostprocessing = 0;
		};
/* End PBXSourcesBuildPhase section */

/* Begin PBXVariantGroup section */
		C8EC43D31E1EC2C800CA8E14 /* Main.storyboard */ = {
			isa = PBXVariantGroup;
			children = (
				C8EC43D41E1EC2C800CA8E14 /* Base */,
			);
			name = Main.storyboard;
			sourceTree = "<group>";
		};
		C8EC43D81E1EC2C800CA8E14 /* LaunchScreen.storyboard */ = {
			isa = PBXVariantGroup;
			children = (
				C8EC43D91E1EC2C800CA8E14 /* Base */,
			);
			name = LaunchScreen.storyboard;
			sourceTree = "<group>";
		};
/* End PBXVariantGroup section */

/* Begin XCBuildConfiguration section */
		C8EC43DC1E1EC2C800CA8E14 /* Debug */ = {
			isa = XCBuildConfiguration;
			buildSettings = {
				ALWAYS_SEARCH_USER_PATHS = NO;
				CLANG_ANALYZER_NONNULL = YES;
				CLANG_CXX_LANGUAGE_STANDARD = "gnu++0x";
				CLANG_CXX_LIBRARY = "libc++";
				CLANG_ENABLE_MODULES = YES;
				CLANG_ENABLE_OBJC_ARC = YES;
				CLANG_WARN_BOOL_CONVERSION = YES;
				CLANG_WARN_CONSTANT_CONVERSION = YES;
				CLANG_WARN_DIRECT_OBJC_ISA_USAGE = YES_ERROR;
				CLANG_WARN_DOCUMENTATION_COMMENTS = YES;
				CLANG_WARN_EMPTY_BODY = YES;
				CLANG_WARN_ENUM_CONVERSION = YES;
				CLANG_WARN_INFINITE_RECURSION = YES;
				CLANG_WARN_INT_CONVERSION = YES;
				CLANG_WARN_OBJC_ROOT_CLASS = YES_ERROR;
				CLANG_WARN_SUSPICIOUS_MOVE = YES;
				CLANG_WARN_UNREACHABLE_CODE = YES;
				CLANG_WARN__DUPLICATE_METHOD_MATCH = YES;
				"CODE_SIGN_IDENTITY[sdk=iphoneos*]" = "iPhone Developer";
				COPY_PHASE_STRIP = NO;
				DEBUG_INFORMATION_FORMAT = dwarf;
				ENABLE_STRICT_OBJC_MSGSEND = YES;
				ENABLE_TESTABILITY = YES;
				GCC_C_LANGUAGE_STANDARD = gnu99;
				GCC_DYNAMIC_NO_PIC = NO;
				GCC_NO_COMMON_BLOCKS = YES;
				GCC_OPTIMIZATION_LEVEL = 0;
				GCC_PREPROCESSOR_DEFINITIONS = (
					"DEBUG=1",
					"$(inherited)",
				);
				GCC_WARN_64_TO_32_BIT_CONVERSION = YES;
				GCC_WARN_ABOUT_RETURN_TYPE = YES_ERROR;
				GCC_WARN_UNDECLARED_SELECTOR = YES;
				GCC_WARN_UNINITIALIZED_AUTOS = YES_AGGRESSIVE;
				GCC_WARN_UNUSED_FUNCTION = YES;
				GCC_WARN_UNUSED_VARIABLE = YES;
				IPHONEOS_DEPLOYMENT_TARGET = 10.2;
				MTL_ENABLE_DEBUG_INFO = YES;
				ONLY_ACTIVE_ARCH = YES;
				SDKROOT = iphoneos;
				SWIFT_ACTIVE_COMPILATION_CONDITIONS = DEBUG;
				SWIFT_OPTIMIZATION_LEVEL = "-Onone";
			};
			name = Debug;
		};
		C8EC43DD1E1EC2C800CA8E14 /* Release */ = {
			isa = XCBuildConfiguration;
			buildSettings = {
				ALWAYS_SEARCH_USER_PATHS = NO;
				CLANG_ANALYZER_NONNULL = YES;
				CLANG_CXX_LANGUAGE_STANDARD = "gnu++0x";
				CLANG_CXX_LIBRARY = "libc++";
				CLANG_ENABLE_MODULES = YES;
				CLANG_ENABLE_OBJC_ARC = YES;
				CLANG_WARN_BOOL_CONVERSION = YES;
				CLANG_WARN_CONSTANT_CONVERSION = YES;
				CLANG_WARN_DIRECT_OBJC_ISA_USAGE = YES_ERROR;
				CLANG_WARN_DOCUMENTATION_COMMENTS = YES;
				CLANG_WARN_EMPTY_BODY = YES;
				CLANG_WARN_ENUM_CONVERSION = YES;
				CLANG_WARN_INFINITE_RECURSION = YES;
				CLANG_WARN_INT_CONVERSION = YES;
				CLANG_WARN_OBJC_ROOT_CLASS = YES_ERROR;
				CLANG_WARN_SUSPICIOUS_MOVE = YES;
				CLANG_WARN_UNREACHABLE_CODE = YES;
				CLANG_WARN__DUPLICATE_METHOD_MATCH = YES;
				"CODE_SIGN_IDENTITY[sdk=iphoneos*]" = "iPhone Developer";
				COPY_PHASE_STRIP = NO;
				DEBUG_INFORMATION_FORMAT = "dwarf-with-dsym";
				ENABLE_NS_ASSERTIONS = NO;
				ENABLE_STRICT_OBJC_MSGSEND = YES;
				GCC_C_LANGUAGE_STANDARD = gnu99;
				GCC_NO_COMMON_BLOCKS = YES;
				GCC_WARN_64_TO_32_BIT_CONVERSION = YES;
				GCC_WARN_ABOUT_RETURN_TYPE = YES_ERROR;
				GCC_WARN_UNDECLARED_SELECTOR = YES;
				GCC_WARN_UNINITIALIZED_AUTOS = YES_AGGRESSIVE;
				GCC_WARN_UNUSED_FUNCTION = YES;
				GCC_WARN_UNUSED_VARIABLE = YES;
				IPHONEOS_DEPLOYMENT_TARGET = 10.2;
				MTL_ENABLE_DEBUG_INFO = NO;
				SDKROOT = iphoneos;
				SWIFT_OPTIMIZATION_LEVEL = "-Owholemodule";
				VALIDATE_PRODUCT = YES;
			};
			name = Release;
		};
		C8EC43DF1E1EC2C800CA8E14 /* Debug */ = {
			isa = XCBuildConfiguration;
			buildSettings = {
				ASSETCATALOG_COMPILER_APPICON_NAME = AppIcon;
				DEVELOPMENT_TEAM = ZZADY79SZG;
				INFOPLIST_FILE = GetOnBoardSwift/Info.plist;
				LD_RUNPATH_SEARCH_PATHS = "$(inherited) @executable_path/Frameworks";
				PRODUCT_BUNDLE_IDENTIFIER = cl.rokkrsstore.GetOnBoardSwift;
				PRODUCT_NAME = "$(TARGET_NAME)";
				SWIFT_VERSION = 3.0;
			};
			name = Debug;
		};
		C8EC43E01E1EC2C800CA8E14 /* Release */ = {
			isa = XCBuildConfiguration;
			buildSettings = {
				ASSETCATALOG_COMPILER_APPICON_NAME = AppIcon;
				DEVELOPMENT_TEAM = ZZADY79SZG;
				INFOPLIST_FILE = GetOnBoardSwift/Info.plist;
				LD_RUNPATH_SEARCH_PATHS = "$(inherited) @executable_path/Frameworks";
				PRODUCT_BUNDLE_IDENTIFIER = cl.rokkrsstore.GetOnBoardSwift;
				PRODUCT_NAME = "$(TARGET_NAME)";
				SWIFT_VERSION = 3.0;
			};
			name = Release;
		};
/* End XCBuildConfiguration section */

/* Begin XCConfigurationList section */
		C8EC43C71E1EC2C800CA8E14 /* Build configuration list for PBXProject "GetOnBoardSwift" */ = {
			isa = XCConfigurationList;
			buildConfigurations = (
				C8EC43DC1E1EC2C800CA8E14 /* Debug */,
				C8EC43DD1E1EC2C800CA8E14 /* Release */,
			);
			defaultConfigurationIsVisible = 0;
			defaultConfigurationName = Release;
		};
		C8EC43DE1E1EC2C800CA8E14 /* Build configuration list for PBXNativeTarget "GetOnBoardSwift" */ = {
			isa = XCConfigurationList;
			buildConfigurations = (
				C8EC43DF1E1EC2C800CA8E14 /* Debug */,
				C8EC43E01E1EC2C800CA8E14 /* Release */,
			);
			defaultConfigurationIsVisible = 0;
		};
/* End XCConfigurationList section */
	};
	rootObject = C8EC43C41E1EC2C800CA8E14 /* Project object */;
}
